// !$*UTF8*$!
{
	archiveVersion = 1;
	classes = {
	};
	objectVersion = 46;
	objects = {

/* Begin PBXBuildFile section */
		D9BF36F9221D562400E64650 /* BGM.cpp in Sources */ = {isa = PBXBuildFile; fileRef = D9BF36DC221D562400E64650 /* BGM.cpp */; };
		D9BF36FA221D562400E64650 /* DPCM.cpp in Sources */ = {isa = PBXBuildFile; fileRef = D9BF36DD221D562400E64650 /* DPCM.cpp */; };
		D9BF36FB221D562400E64650 /* DPCMinfo.cpp in Sources */ = {isa = PBXBuildFile; fileRef = D9BF36DE221D562400E64650 /* DPCMinfo.cpp */; };
		D9BF36FC221D562400E64650 /* Envelop.cpp in Sources */ = {isa = PBXBuildFile; fileRef = D9BF36DF221D562400E64650 /* Envelop.cpp */; };
		D9BF36FD221D562400E64650 /* FDSC.cpp in Sources */ = {isa = PBXBuildFile; fileRef = D9BF36E0221D562400E64650 /* FDSC.cpp */; };
		D9BF36FE221D562400E64650 /* FDSM.cpp in Sources */ = {isa = PBXBuildFile; fileRef = D9BF36E1221D562400E64650 /* FDSM.cpp */; };
		D9BF36FF221D562400E64650 /* FileInput.cpp in Sources */ = {isa = PBXBuildFile; fileRef = D9BF36E2221D562400E64650 /* FileInput.cpp */; };
		D9BF3700221D562400E64650 /* FileOutput.cpp in Sources */ = {isa = PBXBuildFile; fileRef = D9BF36E3221D562400E64650 /* FileOutput.cpp */; };
		D9BF3701221D562400E64650 /* mml_Address.cpp in Sources */ = {isa = PBXBuildFile; fileRef = D9BF36E4221D562400E64650 /* mml_Address.cpp */; };
		D9BF3702221D562400E64650 /* mml_general.cpp in Sources */ = {isa = PBXBuildFile; fileRef = D9BF36E5221D562400E64650 /* mml_general.cpp */; };
		D9BF3703221D562400E64650 /* mml_note.cpp in Sources */ = {isa = PBXBuildFile; fileRef = D9BF36E6221D562400E64650 /* mml_note.cpp */; };
		D9BF3704221D562400E64650 /* mml_poke.cpp in Sources */ = {isa = PBXBuildFile; fileRef = D9BF36E7221D562400E64650 /* mml_poke.cpp */; };
		D9BF3705221D562400E64650 /* mml_repeat.cpp in Sources */ = {isa = PBXBuildFile; fileRef = D9BF36E8221D562400E64650 /* mml_repeat.cpp */; };
		D9BF3706221D562400E64650 /* MMLfile.cpp in Sources */ = {isa = PBXBuildFile; fileRef = D9BF36E9221D562400E64650 /* MMLfile.cpp */; };
		D9BF3707221D562400E64650 /* MusicEvent.cpp in Sources */ = {isa = PBXBuildFile; fileRef = D9BF36EA221D562400E64650 /* MusicEvent.cpp */; };
		D9BF3708221D562400E64650 /* MusicFile.cpp in Sources */ = {isa = PBXBuildFile; fileRef = D9BF36EB221D562400E64650 /* MusicFile.cpp */; };
		D9BF3709221D562400E64650 /* MusicHeader.cpp in Sources */ = {isa = PBXBuildFile; fileRef = D9BF36EC221D562400E64650 /* MusicHeader.cpp */; };
		D9BF370A221D562400E64650 /* MusicItem.cpp in Sources */ = {isa = PBXBuildFile; fileRef = D9BF36ED221D562400E64650 /* MusicItem.cpp */; };
		D9BF370B221D562400E64650 /* MusicTrack.cpp in Sources */ = {isa = PBXBuildFile; fileRef = D9BF36EE221D562400E64650 /* MusicTrack.cpp */; };
		D9BF370C221D562400E64650 /* N163.cpp in Sources */ = {isa = PBXBuildFile; fileRef = D9BF36EF221D562400E64650 /* N163.cpp */; };
		D9BF370D221D562400E64650 /* nsc.cpp in Sources */ = {isa = PBXBuildFile; fileRef = D9BF36F0221D562400E64650 /* nsc.cpp */; };
		D9BF370E221D562400E64650 /* Option.cpp in Sources */ = {isa = PBXBuildFile; fileRef = D9BF36F1221D562400E64650 /* Option.cpp */; };
		D9BF370F221D562400E64650 /* Patch.cpp in Sources */ = {isa = PBXBuildFile; fileRef = D9BF36F2221D562400E64650 /* Patch.cpp */; };
		D9BF3710221D562400E64650 /* SE.cpp in Sources */ = {isa = PBXBuildFile; fileRef = D9BF36F3221D562400E64650 /* SE.cpp */; };
		D9BF3711221D562400E64650 /* SearchPass.cpp in Sources */ = {isa = PBXBuildFile; fileRef = D9BF36F4221D562400E64650 /* SearchPass.cpp */; };
		D9BF3712221D562400E64650 /* StdAfx.cpp in Sources */ = {isa = PBXBuildFile; fileRef = D9BF36F5221D562400E64650 /* StdAfx.cpp */; };
		D9BF3713221D562400E64650 /* Sub.cpp in Sources */ = {isa = PBXBuildFile; fileRef = D9BF36F6221D562400E64650 /* Sub.cpp */; };
		D9BF3714221D562400E64650 /* TrackSet.cpp in Sources */ = {isa = PBXBuildFile; fileRef = D9BF36F7221D562400E64650 /* TrackSet.cpp */; };
		D9BF3715221D562400E64650 /* VRC7.cpp in Sources */ = {isa = PBXBuildFile; fileRef = D9BF36F8221D562400E64650 /* VRC7.cpp */; };
/* End PBXBuildFile section */

/* Begin PBXCopyFilesBuildPhase section */
		D9BF36D0221D55A100E64650 /* CopyFiles */ = {
			isa = PBXCopyFilesBuildPhase;
			buildActionMask = 2147483647;
			dstPath = /usr/share/man/man1/;
			dstSubfolderSpec = 0;
			files = (
			);
			runOnlyForDeploymentPostprocessing = 1;
		};
/* End PBXCopyFilesBuildPhase section */

/* Begin PBXFileReference section */
		D9BF36D2221D55A100E64650 /* nsc */ = {isa = PBXFileReference; explicitFileType = "compiled.mach-o.executable"; includeInIndex = 0; path = nsc; sourceTree = BUILT_PRODUCTS_DIR; };
		D9BF36DC221D562400E64650 /* BGM.cpp */ = {isa = PBXFileReference; fileEncoding = 2147486209; lastKnownFileType = sourcecode.cpp.cpp; name = BGM.cpp; path = ../BGM.cpp; sourceTree = "<group>"; };
		D9BF36DD221D562400E64650 /* DPCM.cpp */ = {isa = PBXFileReference; fileEncoding = 2147486209; lastKnownFileType = sourcecode.cpp.cpp; name = DPCM.cpp; path = ../DPCM.cpp; sourceTree = "<group>"; };
		D9BF36DE221D562400E64650 /* DPCMinfo.cpp */ = {isa = PBXFileReference; fileEncoding = 2147486209; lastKnownFileType = sourcecode.cpp.cpp; name = DPCMinfo.cpp; path = ../DPCMinfo.cpp; sourceTree = "<group>"; };
		D9BF36DF221D562400E64650 /* Envelop.cpp */ = {isa = PBXFileReference; fileEncoding = 4; lastKnownFileType = sourcecode.cpp.cpp; name = Envelop.cpp; path = ../Envelop.cpp; sourceTree = "<group>"; };
		D9BF36E0221D562400E64650 /* FDSC.cpp */ = {isa = PBXFileReference; fileEncoding = 4; lastKnownFileType = sourcecode.cpp.cpp; name = FDSC.cpp; path = ../FDSC.cpp; sourceTree = "<group>"; };
		D9BF36E1221D562400E64650 /* FDSM.cpp */ = {isa = PBXFileReference; fileEncoding = 4; lastKnownFileType = sourcecode.cpp.cpp; name = FDSM.cpp; path = ../FDSM.cpp; sourceTree = "<group>"; };
		D9BF36E2221D562400E64650 /* FileInput.cpp */ = {isa = PBXFileReference; fileEncoding = 4; lastKnownFileType = sourcecode.cpp.cpp; name = FileInput.cpp; path = ../FileInput.cpp; sourceTree = "<group>"; };
		D9BF36E3221D562400E64650 /* FileOutput.cpp */ = {isa = PBXFileReference; fileEncoding = 4; lastKnownFileType = sourcecode.cpp.cpp; name = FileOutput.cpp; path = ../FileOutput.cpp; sourceTree = "<group>"; };
		D9BF36E4221D562400E64650 /* mml_Address.cpp */ = {isa = PBXFileReference; fileEncoding = 4; lastKnownFileType = sourcecode.cpp.cpp; name = mml_Address.cpp; path = ../mml_Address.cpp; sourceTree = "<group>"; };
		D9BF36E5221D562400E64650 /* mml_general.cpp */ = {isa = PBXFileReference; fileEncoding = 4; lastKnownFileType = sourcecode.cpp.cpp; name = mml_general.cpp; path = ../mml_general.cpp; sourceTree = "<group>"; };
		D9BF36E6221D562400E64650 /* mml_note.cpp */ = {isa = PBXFileReference; fileEncoding = 4; lastKnownFileType = sourcecode.cpp.cpp; name = mml_note.cpp; path = ../mml_note.cpp; sourceTree = "<group>"; };
		D9BF36E7221D562400E64650 /* mml_poke.cpp */ = {isa = PBXFileReference; fileEncoding = 4; lastKnownFileType = sourcecode.cpp.cpp; name = mml_poke.cpp; path = ../mml_poke.cpp; sourceTree = "<group>"; };
		D9BF36E8221D562400E64650 /* mml_repeat.cpp */ = {isa = PBXFileReference; fileEncoding = 4; lastKnownFileType = sourcecode.cpp.cpp; name = mml_repeat.cpp; path = ../mml_repeat.cpp; sourceTree = "<group>"; };
		D9BF36E9221D562400E64650 /* MMLfile.cpp */ = {isa = PBXFileReference; fileEncoding = 4; lastKnownFileType = sourcecode.cpp.cpp; name = MMLfile.cpp; path = ../MMLfile.cpp; sourceTree = "<group>"; };
		D9BF36EA221D562400E64650 /* MusicEvent.cpp */ = {isa = PBXFileReference; fileEncoding = 4; lastKnownFileType = sourcecode.cpp.cpp; name = MusicEvent.cpp; path = ../MusicEvent.cpp; sourceTree = "<group>"; };
		D9BF36EB221D562400E64650 /* MusicFile.cpp */ = {isa = PBXFileReference; fileEncoding = 4; lastKnownFileType = sourcecode.cpp.cpp; name = MusicFile.cpp; path = ../MusicFile.cpp; sourceTree = "<group>"; };
		D9BF36EC221D562400E64650 /* MusicHeader.cpp */ = {isa = PBXFileReference; fileEncoding = 4; lastKnownFileType = sourcecode.cpp.cpp; name = MusicHeader.cpp; path = ../MusicHeader.cpp; sourceTree = "<group>"; };
		D9BF36ED221D562400E64650 /* MusicItem.cpp */ = {isa = PBXFileReference; fileEncoding = 4; lastKnownFileType = sourcecode.cpp.cpp; name = MusicItem.cpp; path = ../MusicItem.cpp; sourceTree = "<group>"; };
		D9BF36EE221D562400E64650 /* MusicTrack.cpp */ = {isa = PBXFileReference; fileEncoding = 4; lastKnownFileType = sourcecode.cpp.cpp; name = MusicTrack.cpp; path = ../MusicTrack.cpp; sourceTree = "<group>"; };
		D9BF36EF221D562400E64650 /* N163.cpp */ = {isa = PBXFileReference; fileEncoding = 4; lastKnownFileType = sourcecode.cpp.cpp; name = N163.cpp; path = ../N163.cpp; sourceTree = "<group>"; };
		D9BF36F0221D562400E64650 /* nsc.cpp */ = {isa = PBXFileReference; fileEncoding = 4; lastKnownFileType = sourcecode.cpp.cpp; name = nsc.cpp; path = ../nsc.cpp; sourceTree = "<group>"; };
		D9BF36F1221D562400E64650 /* Option.cpp */ = {isa = PBXFileReference; fileEncoding = 4; lastKnownFileType = sourcecode.cpp.cpp; name = Option.cpp; path = ../Option.cpp; sourceTree = "<group>"; };
		D9BF36F2221D562400E64650 /* Patch.cpp */ = {isa = PBXFileReference; fileEncoding = 4; lastKnownFileType = sourcecode.cpp.cpp; name = Patch.cpp; path = ../Patch.cpp; sourceTree = "<group>"; };
		D9BF36F3221D562400E64650 /* SE.cpp */ = {isa = PBXFileReference; fileEncoding = 4; lastKnownFileType = sourcecode.cpp.cpp; name = SE.cpp; path = ../SE.cpp; sourceTree = "<group>"; };
		D9BF36F4221D562400E64650 /* SearchPass.cpp */ = {isa = PBXFileReference; fileEncoding = 4; lastKnownFileType = sourcecode.cpp.cpp; name = SearchPass.cpp; path = ../SearchPass.cpp; sourceTree = "<group>"; };
		D9BF36F5221D562400E64650 /* StdAfx.cpp */ = {isa = PBXFileReference; fileEncoding = 4; lastKnownFileType = sourcecode.cpp.cpp; name = StdAfx.cpp; path = ../StdAfx.cpp; sourceTree = "<group>"; };
		D9BF36F6221D562400E64650 /* Sub.cpp */ = {isa = PBXFileReference; fileEncoding = 4; lastKnownFileType = sourcecode.cpp.cpp; name = Sub.cpp; path = ../Sub.cpp; sourceTree = "<group>"; };
		D9BF36F7221D562400E64650 /* TrackSet.cpp */ = {isa = PBXFileReference; fileEncoding = 4; lastKnownFileType = sourcecode.cpp.cpp; name = TrackSet.cpp; path = ../TrackSet.cpp; sourceTree = "<group>"; };
		D9BF36F8221D562400E64650 /* VRC7.cpp */ = {isa = PBXFileReference; fileEncoding = 4; lastKnownFileType = sourcecode.cpp.cpp; name = VRC7.cpp; path = ../VRC7.cpp; sourceTree = "<group>"; };
/* End PBXFileReference section */

/* Begin PBXFrameworksBuildPhase section */
		D9BF36CF221D55A100E64650 /* Frameworks */ = {
			isa = PBXFrameworksBuildPhase;
			buildActionMask = 2147483647;
			files = (
			);
			runOnlyForDeploymentPostprocessing = 0;
		};
/* End PBXFrameworksBuildPhase section */

/* Begin PBXGroup section */
		D9BF36C9221D55A100E64650 = {
			isa = PBXGroup;
			children = (
				D9BF36DC221D562400E64650 /* BGM.cpp */,
				D9BF36DD221D562400E64650 /* DPCM.cpp */,
				D9BF36DE221D562400E64650 /* DPCMinfo.cpp */,
				D9BF36DF221D562400E64650 /* Envelop.cpp */,
				D9BF36E0221D562400E64650 /* FDSC.cpp */,
				D9BF36E1221D562400E64650 /* FDSM.cpp */,
				D9BF36E2221D562400E64650 /* FileInput.cpp */,
				D9BF36E3221D562400E64650 /* FileOutput.cpp */,
				D9BF36E4221D562400E64650 /* mml_Address.cpp */,
				D9BF36E5221D562400E64650 /* mml_general.cpp */,
				D9BF36E6221D562400E64650 /* mml_note.cpp */,
				D9BF36E7221D562400E64650 /* mml_poke.cpp */,
				D9BF36E8221D562400E64650 /* mml_repeat.cpp */,
				D9BF36E9221D562400E64650 /* MMLfile.cpp */,
				D9BF36EA221D562400E64650 /* MusicEvent.cpp */,
				D9BF36EB221D562400E64650 /* MusicFile.cpp */,
				D9BF36EC221D562400E64650 /* MusicHeader.cpp */,
				D9BF36ED221D562400E64650 /* MusicItem.cpp */,
				D9BF36EE221D562400E64650 /* MusicTrack.cpp */,
				D9BF36EF221D562400E64650 /* N163.cpp */,
				D9BF36F0221D562400E64650 /* nsc.cpp */,
				D9BF36F1221D562400E64650 /* Option.cpp */,
				D9BF36F2221D562400E64650 /* Patch.cpp */,
				D9BF36F3221D562400E64650 /* SE.cpp */,
				D9BF36F4221D562400E64650 /* SearchPass.cpp */,
				D9BF36F5221D562400E64650 /* StdAfx.cpp */,
				D9BF36F6221D562400E64650 /* Sub.cpp */,
				D9BF36F7221D562400E64650 /* TrackSet.cpp */,
				D9BF36F8221D562400E64650 /* VRC7.cpp */,
				D9BF36D3221D55A100E64650 /* Products */,
			);
			sourceTree = "<group>";
		};
		D9BF36D3221D55A100E64650 /* Products */ = {
			isa = PBXGroup;
			children = (
				D9BF36D2221D55A100E64650 /* nsc */,
			);
			name = Products;
			sourceTree = "<group>";
		};
/* End PBXGroup section */

/* Begin PBXNativeTarget section */
		D9BF36D1221D55A100E64650 /* nsc */ = {
			isa = PBXNativeTarget;
			buildConfigurationList = D9BF36D9221D55A100E64650 /* Build configuration list for PBXNativeTarget "nsc" */;
			buildPhases = (
				D9BF36CE221D55A100E64650 /* Sources */,
				D9BF36CF221D55A100E64650 /* Frameworks */,
				D9BF36D0221D55A100E64650 /* CopyFiles */,
			);
			buildRules = (
			);
			dependencies = (
			);
			name = nsc;
			productName = nsc;
			productReference = D9BF36D2221D55A100E64650 /* nsc */;
			productType = "com.apple.product-type.tool";
		};
/* End PBXNativeTarget section */

/* Begin PBXProject section */
		D9BF36CA221D55A100E64650 /* Project object */ = {
			isa = PBXProject;
			attributes = {
				LastUpgradeCheck = 0830;
				ORGANIZATIONNAME = a;
				TargetAttributes = {
					D9BF36D1221D55A100E64650 = {
						CreatedOnToolsVersion = 8.3.3;
						ProvisioningStyle = Automatic;
					};
				};
			};
			buildConfigurationList = D9BF36CD221D55A100E64650 /* Build configuration list for PBXProject "nsc" */;
			compatibilityVersion = "Xcode 3.2";
			developmentRegion = English;
			hasScannedForEncodings = 0;
			knownRegions = (
				en,
			);
			mainGroup = D9BF36C9221D55A100E64650;
			productRefGroup = D9BF36D3221D55A100E64650 /* Products */;
			projectDirPath = "";
			projectRoot = "";
			targets = (
				D9BF36D1221D55A100E64650 /* nsc */,
			);
		};
/* End PBXProject section */

/* Begin PBXSourcesBuildPhase section */
		D9BF36CE221D55A100E64650 /* Sources */ = {
			isa = PBXSourcesBuildPhase;
			buildActionMask = 2147483647;
			files = (
				D9BF3705221D562400E64650 /* mml_repeat.cpp in Sources */,
				D9BF3700221D562400E64650 /* FileOutput.cpp in Sources */,
				D9BF3707221D562400E64650 /* MusicEvent.cpp in Sources */,
				D9BF3704221D562400E64650 /* mml_poke.cpp in Sources */,
				D9BF36F9221D562400E64650 /* BGM.cpp in Sources */,
				D9BF3715221D562400E64650 /* VRC7.cpp in Sources */,
				D9BF36FC221D562400E64650 /* Envelop.cpp in Sources */,
				D9BF370D221D562400E64650 /* nsc.cpp in Sources */,
				D9BF3711221D562400E64650 /* SearchPass.cpp in Sources */,
				D9BF3709221D562400E64650 /* MusicHeader.cpp in Sources */,
				D9BF3713221D562400E64650 /* Sub.cpp in Sources */,
				D9BF3714221D562400E64650 /* TrackSet.cpp in Sources */,
				D9BF36FB221D562400E64650 /* DPCMinfo.cpp in Sources */,
				D9BF370A221D562400E64650 /* MusicItem.cpp in Sources */,
				D9BF3712221D562400E64650 /* StdAfx.cpp in Sources */,
				D9BF370F221D562400E64650 /* Patch.cpp in Sources */,
				D9BF370E221D562400E64650 /* Option.cpp in Sources */,
				D9BF370C221D562400E64650 /* N163.cpp in Sources */,
				D9BF36FE221D562400E64650 /* FDSM.cpp in Sources */,
				D9BF36FF221D562400E64650 /* FileInput.cpp in Sources */,
				D9BF3710221D562400E64650 /* SE.cpp in Sources */,
				D9BF3706221D562400E64650 /* MMLfile.cpp in Sources */,
				D9BF370B221D562400E64650 /* MusicTrack.cpp in Sources */,
				D9BF36FA221D562400E64650 /* DPCM.cpp in Sources */,
				D9BF3702221D562400E64650 /* mml_general.cpp in Sources */,
				D9BF3701221D562400E64650 /* mml_Address.cpp in Sources */,
				D9BF36FD221D562400E64650 /* FDSC.cpp in Sources */,
				D9BF3703221D562400E64650 /* mml_note.cpp in Sources */,
				D9BF3708221D562400E64650 /* MusicFile.cpp in Sources */,
			);
			runOnlyForDeploymentPostprocessing = 0;
		};
/* End PBXSourcesBuildPhase section */

/* Begin XCBuildConfiguration section */
		D9BF36D7221D55A100E64650 /* Debug */ = {
			isa = XCBuildConfiguration;
			buildSettings = {
				ALWAYS_SEARCH_USER_PATHS = NO;
				CLANG_ANALYZER_NONNULL = YES;
				CLANG_ANALYZER_NUMBER_OBJECT_CONVERSION = YES_AGGRESSIVE;
				CLANG_CXX_LANGUAGE_STANDARD = "gnu++0x";
				CLANG_CXX_LIBRARY = "libc++";
				CLANG_ENABLE_MODULES = YES;
				CLANG_ENABLE_OBJC_ARC = YES;
				CLANG_WARN_BOOL_CONVERSION = YES;
				CLANG_WARN_CONSTANT_CONVERSION = YES;
				CLANG_WARN_DIRECT_OBJC_ISA_USAGE = YES_ERROR;
				CLANG_WARN_DOCUMENTATION_COMMENTS = YES;
				CLANG_WARN_EMPTY_BODY = YES;
				CLANG_WARN_ENUM_CONVERSION = YES;
				CLANG_WARN_INFINITE_RECURSION = YES;
				CLANG_WARN_INT_CONVERSION = YES;
				CLANG_WARN_OBJC_ROOT_CLASS = YES_ERROR;
				CLANG_WARN_SUSPICIOUS_MOVE = YES;
				CLANG_WARN_UNREACHABLE_CODE = YES;
				CLANG_WARN__DUPLICATE_METHOD_MATCH = YES;
				CODE_SIGN_IDENTITY = "-";
				COPY_PHASE_STRIP = NO;
				DEBUG_INFORMATION_FORMAT = dwarf;
				ENABLE_STRICT_OBJC_MSGSEND = YES;
				ENABLE_TESTABILITY = YES;
				GCC_C_LANGUAGE_STANDARD = gnu99;
				GCC_DYNAMIC_NO_PIC = NO;
				GCC_NO_COMMON_BLOCKS = YES;
				GCC_OPTIMIZATION_LEVEL = 0;
				GCC_PREPROCESSOR_DEFINITIONS = (
					"DEBUG=1",
					"$(inherited)",
				);
				GCC_WARN_64_TO_32_BIT_CONVERSION = YES;
				GCC_WARN_ABOUT_RETURN_TYPE = YES_ERROR;
				GCC_WARN_UNDECLARED_SELECTOR = YES;
				GCC_WARN_UNINITIALIZED_AUTOS = YES_AGGRESSIVE;
				GCC_WARN_UNUSED_FUNCTION = YES;
				GCC_WARN_UNUSED_VARIABLE = YES;
				MACOSX_DEPLOYMENT_TARGET = 10.12;
				MTL_ENABLE_DEBUG_INFO = YES;
				ONLY_ACTIVE_ARCH = YES;
				SDKROOT = macosx;
			};
			name = Debug;
		};
		D9BF36D8221D55A100E64650 /* Release */ = {
			isa = XCBuildConfiguration;
			buildSettings = {
				ALWAYS_SEARCH_USER_PATHS = NO;
				CLANG_ANALYZER_NONNULL = YES;
				CLANG_ANALYZER_NUMBER_OBJECT_CONVERSION = YES_AGGRESSIVE;
				CLANG_CXX_LANGUAGE_STANDARD = "gnu++0x";
				CLANG_CXX_LIBRARY = "libc++";
				CLANG_ENABLE_MODULES = YES;
				CLANG_ENABLE_OBJC_ARC = YES;
				CLANG_WARN_BOOL_CONVERSION = YES;
				CLANG_WARN_CONSTANT_CONVERSION = YES;
				CLANG_WARN_DIRECT_OBJC_ISA_USAGE = YES_ERROR;
				CLANG_WARN_DOCUMENTATION_COMMENTS = YES;
				CLANG_WARN_EMPTY_BODY = YES;
				CLANG_WARN_ENUM_CONVERSION = YES;
				CLANG_WARN_INFINITE_RECURSION = YES;
				CLANG_WARN_INT_CONVERSION = YES;
				CLANG_WARN_OBJC_ROOT_CLASS = YES_ERROR;
				CLANG_WARN_SUSPICIOUS_MOVE = YES;
				CLANG_WARN_UNREACHABLE_CODE = YES;
				CLANG_WARN__DUPLICATE_METHOD_MATCH = YES;
				CODE_SIGN_IDENTITY = "-";
				COPY_PHASE_STRIP = NO;
				DEBUG_INFORMATION_FORMAT = "dwarf-with-dsym";
				ENABLE_NS_ASSERTIONS = NO;
				ENABLE_STRICT_OBJC_MSGSEND = YES;
				GCC_C_LANGUAGE_STANDARD = gnu99;
				GCC_NO_COMMON_BLOCKS = YES;
				GCC_WARN_64_TO_32_BIT_CONVERSION = YES;
				GCC_WARN_ABOUT_RETURN_TYPE = YES_ERROR;
				GCC_WARN_UNDECLARED_SELECTOR = YES;
				GCC_WARN_UNINITIALIZED_AUTOS = YES_AGGRESSIVE;
				GCC_WARN_UNUSED_FUNCTION = YES;
				GCC_WARN_UNUSED_VARIABLE = YES;
				MACOSX_DEPLOYMENT_TARGET = 10.12;
				MTL_ENABLE_DEBUG_INFO = NO;
				SDKROOT = macosx;
			};
			name = Release;
		};
		D9BF36DA221D55A100E64650 /* Debug */ = {
			isa = XCBuildConfiguration;
			buildSettings = {
				PRODUCT_NAME = "$(TARGET_NAME)";
			};
			name = Debug;
		};
		D9BF36DB221D55A100E64650 /* Release */ = {
			isa = XCBuildConfiguration;
			buildSettings = {
				PRODUCT_NAME = "$(TARGET_NAME)";
			};
			name = Release;
		};
/* End XCBuildConfiguration section */

/* Begin XCConfigurationList section */
		D9BF36CD221D55A100E64650 /* Build configuration list for PBXProject "nsc" */ = {
			isa = XCConfigurationList;
			buildConfigurations = (
				D9BF36D7221D55A100E64650 /* Debug */,
				D9BF36D8221D55A100E64650 /* Release */,
			);
			defaultConfigurationIsVisible = 0;
			defaultConfigurationName = Release;
		};
		D9BF36D9221D55A100E64650 /* Build configuration list for PBXNativeTarget "nsc" */ = {
			isa = XCConfigurationList;
			buildConfigurations = (
				D9BF36DA221D55A100E64650 /* Debug */,
				D9BF36DB221D55A100E64650 /* Release */,
			);
			defaultConfigurationIsVisible = 0;
			defaultConfigurationName = Release;
		};
/* End XCConfigurationList section */
	};
	rootObject = D9BF36CA221D55A100E64650 /* Project object */;
}
