// !$*UTF8*$!
{
	archiveVersion = 1;
	classes = {
	};
	objectVersion = 46;
	objects = {

/* Begin PBXBuildFile section */
		D9970120221D88DC0094EB9C /* BGM.cpp in Sources */ = {isa = PBXBuildFile; fileRef = D9970103221D88DC0094EB9C /* BGM.cpp */; };
		D9970121221D88DC0094EB9C /* DPCM.cpp in Sources */ = {isa = PBXBuildFile; fileRef = D9970104221D88DC0094EB9C /* DPCM.cpp */; };
		D9970122221D88DC0094EB9C /* DPCMinfo.cpp in Sources */ = {isa = PBXBuildFile; fileRef = D9970105221D88DC0094EB9C /* DPCMinfo.cpp */; };
		D9970123221D88DC0094EB9C /* Envelop.cpp in Sources */ = {isa = PBXBuildFile; fileRef = D9970106221D88DC0094EB9C /* Envelop.cpp */; };
		D9970124221D88DC0094EB9C /* FDSC.cpp in Sources */ = {isa = PBXBuildFile; fileRef = D9970107221D88DC0094EB9C /* FDSC.cpp */; };
		D9970125221D88DC0094EB9C /* FDSM.cpp in Sources */ = {isa = PBXBuildFile; fileRef = D9970108221D88DC0094EB9C /* FDSM.cpp */; };
		D9970126221D88DC0094EB9C /* FileInput.cpp in Sources */ = {isa = PBXBuildFile; fileRef = D9970109221D88DC0094EB9C /* FileInput.cpp */; };
		D9970127221D88DC0094EB9C /* FileOutput.cpp in Sources */ = {isa = PBXBuildFile; fileRef = D997010A221D88DC0094EB9C /* FileOutput.cpp */; };
		D9970128221D88DC0094EB9C /* mml_Address.cpp in Sources */ = {isa = PBXBuildFile; fileRef = D997010B221D88DC0094EB9C /* mml_Address.cpp */; };
		D9970129221D88DC0094EB9C /* mml_general.cpp in Sources */ = {isa = PBXBuildFile; fileRef = D997010C221D88DC0094EB9C /* mml_general.cpp */; };
		D997012A221D88DC0094EB9C /* mml_note.cpp in Sources */ = {isa = PBXBuildFile; fileRef = D997010D221D88DC0094EB9C /* mml_note.cpp */; };
		D997012B221D88DC0094EB9C /* mml_poke.cpp in Sources */ = {isa = PBXBuildFile; fileRef = D997010E221D88DC0094EB9C /* mml_poke.cpp */; };
		D997012C221D88DC0094EB9C /* mml_repeat.cpp in Sources */ = {isa = PBXBuildFile; fileRef = D997010F221D88DC0094EB9C /* mml_repeat.cpp */; };
		D997012D221D88DC0094EB9C /* MMLfile.cpp in Sources */ = {isa = PBXBuildFile; fileRef = D9970110221D88DC0094EB9C /* MMLfile.cpp */; };
		D997012E221D88DC0094EB9C /* MusicEvent.cpp in Sources */ = {isa = PBXBuildFile; fileRef = D9970111221D88DC0094EB9C /* MusicEvent.cpp */; };
		D997012F221D88DC0094EB9C /* MusicFile.cpp in Sources */ = {isa = PBXBuildFile; fileRef = D9970112221D88DC0094EB9C /* MusicFile.cpp */; };
		D9970130221D88DC0094EB9C /* MusicHeader.cpp in Sources */ = {isa = PBXBuildFile; fileRef = D9970113221D88DC0094EB9C /* MusicHeader.cpp */; };
		D9970131221D88DC0094EB9C /* MusicItem.cpp in Sources */ = {isa = PBXBuildFile; fileRef = D9970114221D88DC0094EB9C /* MusicItem.cpp */; };
		D9970132221D88DC0094EB9C /* MusicTrack.cpp in Sources */ = {isa = PBXBuildFile; fileRef = D9970115221D88DC0094EB9C /* MusicTrack.cpp */; };
		D9970133221D88DC0094EB9C /* N163.cpp in Sources */ = {isa = PBXBuildFile; fileRef = D9970116221D88DC0094EB9C /* N163.cpp */; };
		D9970134221D88DC0094EB9C /* nsc.cpp in Sources */ = {isa = PBXBuildFile; fileRef = D9970117221D88DC0094EB9C /* nsc.cpp */; };
		D9970135221D88DC0094EB9C /* Option.cpp in Sources */ = {isa = PBXBuildFile; fileRef = D9970118221D88DC0094EB9C /* Option.cpp */; };
		D9970136221D88DC0094EB9C /* Patch.cpp in Sources */ = {isa = PBXBuildFile; fileRef = D9970119221D88DC0094EB9C /* Patch.cpp */; };
		D9970137221D88DC0094EB9C /* SE.cpp in Sources */ = {isa = PBXBuildFile; fileRef = D997011A221D88DC0094EB9C /* SE.cpp */; };
		D9970138221D88DC0094EB9C /* SearchPass.cpp in Sources */ = {isa = PBXBuildFile; fileRef = D997011B221D88DC0094EB9C /* SearchPass.cpp */; };
		D9970139221D88DC0094EB9C /* StdAfx.cpp in Sources */ = {isa = PBXBuildFile; fileRef = D997011C221D88DC0094EB9C /* StdAfx.cpp */; };
		D997013A221D88DC0094EB9C /* Sub.cpp in Sources */ = {isa = PBXBuildFile; fileRef = D997011D221D88DC0094EB9C /* Sub.cpp */; };
		D997013B221D88DC0094EB9C /* TrackSet.cpp in Sources */ = {isa = PBXBuildFile; fileRef = D997011E221D88DC0094EB9C /* TrackSet.cpp */; };
		D997013C221D88DC0094EB9C /* VRC7.cpp in Sources */ = {isa = PBXBuildFile; fileRef = D997011F221D88DC0094EB9C /* VRC7.cpp */; };
/* End PBXBuildFile section */

/* Begin PBXCopyFilesBuildPhase section */
		D9BF36D0221D55A100E64650 /* CopyFiles */ = {
			isa = PBXCopyFilesBuildPhase;
			buildActionMask = 2147483647;
			dstPath = /usr/share/man/man1/;
			dstSubfolderSpec = 0;
			files = (
			);
			runOnlyForDeploymentPostprocessing = 1;
		};
/* End PBXCopyFilesBuildPhase section */

/* Begin PBXFileReference section */
		D9970103221D88DC0094EB9C /* BGM.cpp */ = {isa = PBXFileReference; fileEncoding = 4; lastKnownFileType = sourcecode.cpp.cpp; name = BGM.cpp; path = ../src_utf8/BGM.cpp; sourceTree = "<group>"; };
		D9970104221D88DC0094EB9C /* DPCM.cpp */ = {isa = PBXFileReference; fileEncoding = 4; lastKnownFileType = sourcecode.cpp.cpp; name = DPCM.cpp; path = ../src_utf8/DPCM.cpp; sourceTree = "<group>"; };
		D9970105221D88DC0094EB9C /* DPCMinfo.cpp */ = {isa = PBXFileReference; fileEncoding = 4; lastKnownFileType = sourcecode.cpp.cpp; name = DPCMinfo.cpp; path = ../src_utf8/DPCMinfo.cpp; sourceTree = "<group>"; };
		D9970106221D88DC0094EB9C /* Envelop.cpp */ = {isa = PBXFileReference; fileEncoding = 4; lastKnownFileType = sourcecode.cpp.cpp; name = Envelop.cpp; path = ../src_utf8/Envelop.cpp; sourceTree = "<group>"; };
		D9970107221D88DC0094EB9C /* FDSC.cpp */ = {isa = PBXFileReference; fileEncoding = 4; lastKnownFileType = sourcecode.cpp.cpp; name = FDSC.cpp; path = ../src_utf8/FDSC.cpp; sourceTree = "<group>"; };
		D9970108221D88DC0094EB9C /* FDSM.cpp */ = {isa = PBXFileReference; fileEncoding = 4; lastKnownFileType = sourcecode.cpp.cpp; name = FDSM.cpp; path = ../src_utf8/FDSM.cpp; sourceTree = "<group>"; };
		D9970109221D88DC0094EB9C /* FileInput.cpp */ = {isa = PBXFileReference; fileEncoding = 4; lastKnownFileType = sourcecode.cpp.cpp; name = FileInput.cpp; path = ../src_utf8/FileInput.cpp; sourceTree = "<group>"; };
		D997010A221D88DC0094EB9C /* FileOutput.cpp */ = {isa = PBXFileReference; fileEncoding = 4; lastKnownFileType = sourcecode.cpp.cpp; name = FileOutput.cpp; path = ../src_utf8/FileOutput.cpp; sourceTree = "<group>"; };
		D997010B221D88DC0094EB9C /* mml_Address.cpp */ = {isa = PBXFileReference; fileEncoding = 4; lastKnownFileType = sourcecode.cpp.cpp; name = mml_Address.cpp; path = ../src_utf8/mml_Address.cpp; sourceTree = "<group>"; };
		D997010C221D88DC0094EB9C /* mml_general.cpp */ = {isa = PBXFileReference; fileEncoding = 4; lastKnownFileType = sourcecode.cpp.cpp; name = mml_general.cpp; path = ../src_utf8/mml_general.cpp; sourceTree = "<group>"; };
		D997010D221D88DC0094EB9C /* mml_note.cpp */ = {isa = PBXFileReference; fileEncoding = 4; lastKnownFileType = sourcecode.cpp.cpp; name = mml_note.cpp; path = ../src_utf8/mml_note.cpp; sourceTree = "<group>"; };
		D997010E221D88DC0094EB9C /* mml_poke.cpp */ = {isa = PBXFileReference; fileEncoding = 4; lastKnownFileType = sourcecode.cpp.cpp; name = mml_poke.cpp; path = ../src_utf8/mml_poke.cpp; sourceTree = "<group>"; };
		D997010F221D88DC0094EB9C /* mml_repeat.cpp */ = {isa = PBXFileReference; fileEncoding = 4; lastKnownFileType = sourcecode.cpp.cpp; name = mml_repeat.cpp; path = ../src_utf8/mml_repeat.cpp; sourceTree = "<group>"; };
		D9970110221D88DC0094EB9C /* MMLfile.cpp */ = {isa = PBXFileReference; fileEncoding = 4; lastKnownFileType = sourcecode.cpp.cpp; name = MMLfile.cpp; path = ../src_utf8/MMLfile.cpp; sourceTree = "<group>"; };
		D9970111221D88DC0094EB9C /* MusicEvent.cpp */ = {isa = PBXFileReference; fileEncoding = 4; lastKnownFileType = sourcecode.cpp.cpp; name = MusicEvent.cpp; path = ../src_utf8/MusicEvent.cpp; sourceTree = "<group>"; };
		D9970112221D88DC0094EB9C /* MusicFile.cpp */ = {isa = PBXFileReference; fileEncoding = 4; lastKnownFileType = sourcecode.cpp.cpp; name = MusicFile.cpp; path = ../src_utf8/MusicFile.cpp; sourceTree = "<group>"; };
		D9970113221D88DC0094EB9C /* MusicHeader.cpp */ = {isa = PBXFileReference; fileEncoding = 4; lastKnownFileType = sourcecode.cpp.cpp; name = MusicHeader.cpp; path = ../src_utf8/MusicHeader.cpp; sourceTree = "<group>"; };
		D9970114221D88DC0094EB9C /* MusicItem.cpp */ = {isa = PBXFileReference; fileEncoding = 4; lastKnownFileType = sourcecode.cpp.cpp; name = MusicItem.cpp; path = ../src_utf8/MusicItem.cpp; sourceTree = "<group>"; };
		D9970115221D88DC0094EB9C /* MusicTrack.cpp */ = {isa = PBXFileReference; fileEncoding = 4; lastKnownFileType = sourcecode.cpp.cpp; name = MusicTrack.cpp; path = ../src_utf8/MusicTrack.cpp; sourceTree = "<group>"; };
		D9970116221D88DC0094EB9C /* N163.cpp */ = {isa = PBXFileReference; fileEncoding = 4; lastKnownFileType = sourcecode.cpp.cpp; name = N163.cpp; path = ../src_utf8/N163.cpp; sourceTree = "<group>"; };
		D9970117221D88DC0094EB9C /* nsc.cpp */ = {isa = PBXFileReference; fileEncoding = 4; lastKnownFileType = sourcecode.cpp.cpp; name = nsc.cpp; path = ../src_utf8/nsc.cpp; sourceTree = "<group>"; };
		D9970118221D88DC0094EB9C /* Option.cpp */ = {isa = PBXFileReference; fileEncoding = 4; lastKnownFileType = sourcecode.cpp.cpp; name = Option.cpp; path = ../src_utf8/Option.cpp; sourceTree = "<group>"; };
		D9970119221D88DC0094EB9C /* Patch.cpp */ = {isa = PBXFileReference; fileEncoding = 4; lastKnownFileType = sourcecode.cpp.cpp; name = Patch.cpp; path = ../src_utf8/Patch.cpp; sourceTree = "<group>"; };
		D997011A221D88DC0094EB9C /* SE.cpp */ = {isa = PBXFileReference; fileEncoding = 4; lastKnownFileType = sourcecode.cpp.cpp; name = SE.cpp; path = ../src_utf8/SE.cpp; sourceTree = "<group>"; };
		D997011B221D88DC0094EB9C /* SearchPass.cpp */ = {isa = PBXFileReference; fileEncoding = 4; lastKnownFileType = sourcecode.cpp.cpp; name = SearchPass.cpp; path = ../src_utf8/SearchPass.cpp; sourceTree = "<group>"; };
		D997011C221D88DC0094EB9C /* StdAfx.cpp */ = {isa = PBXFileReference; fileEncoding = 4; lastKnownFileType = sourcecode.cpp.cpp; name = StdAfx.cpp; path = ../src_utf8/StdAfx.cpp; sourceTree = "<group>"; };
		D997011D221D88DC0094EB9C /* Sub.cpp */ = {isa = PBXFileReference; fileEncoding = 4; lastKnownFileType = sourcecode.cpp.cpp; name = Sub.cpp; path = ../src_utf8/Sub.cpp; sourceTree = "<group>"; };
		D997011E221D88DC0094EB9C /* TrackSet.cpp */ = {isa = PBXFileReference; fileEncoding = 4; lastKnownFileType = sourcecode.cpp.cpp; name = TrackSet.cpp; path = ../src_utf8/TrackSet.cpp; sourceTree = "<group>"; };
		D997011F221D88DC0094EB9C /* VRC7.cpp */ = {isa = PBXFileReference; fileEncoding = 4; lastKnownFileType = sourcecode.cpp.cpp; name = VRC7.cpp; path = ../src_utf8/VRC7.cpp; sourceTree = "<group>"; };
		D9BF36D2221D55A100E64650 /* nsc */ = {isa = PBXFileReference; explicitFileType = "compiled.mach-o.executable"; includeInIndex = 0; path = nsc; sourceTree = BUILT_PRODUCTS_DIR; };
/* End PBXFileReference section */

/* Begin PBXFrameworksBuildPhase section */
		D9BF36CF221D55A100E64650 /* Frameworks */ = {
			isa = PBXFrameworksBuildPhase;
			buildActionMask = 2147483647;
			files = (
			);
			runOnlyForDeploymentPostprocessing = 0;
		};
/* End PBXFrameworksBuildPhase section */

/* Begin PBXGroup section */
		D9BF36C9221D55A100E64650 = {
			isa = PBXGroup;
			children = (
				D9970103221D88DC0094EB9C /* BGM.cpp */,
				D9970104221D88DC0094EB9C /* DPCM.cpp */,
				D9970105221D88DC0094EB9C /* DPCMinfo.cpp */,
				D9970106221D88DC0094EB9C /* Envelop.cpp */,
				D9970107221D88DC0094EB9C /* FDSC.cpp */,
				D9970108221D88DC0094EB9C /* FDSM.cpp */,
				D9970109221D88DC0094EB9C /* FileInput.cpp */,
				D997010A221D88DC0094EB9C /* FileOutput.cpp */,
				D997010B221D88DC0094EB9C /* mml_Address.cpp */,
				D997010C221D88DC0094EB9C /* mml_general.cpp */,
				D997010D221D88DC0094EB9C /* mml_note.cpp */,
				D997010E221D88DC0094EB9C /* mml_poke.cpp */,
				D997010F221D88DC0094EB9C /* mml_repeat.cpp */,
				D9970110221D88DC0094EB9C /* MMLfile.cpp */,
				D9970111221D88DC0094EB9C /* MusicEvent.cpp */,
				D9970112221D88DC0094EB9C /* MusicFile.cpp */,
				D9970113221D88DC0094EB9C /* MusicHeader.cpp */,
				D9970114221D88DC0094EB9C /* MusicItem.cpp */,
				D9970115221D88DC0094EB9C /* MusicTrack.cpp */,
				D9970116221D88DC0094EB9C /* N163.cpp */,
				D9970117221D88DC0094EB9C /* nsc.cpp */,
				D9970118221D88DC0094EB9C /* Option.cpp */,
				D9970119221D88DC0094EB9C /* Patch.cpp */,
				D997011A221D88DC0094EB9C /* SE.cpp */,
				D997011B221D88DC0094EB9C /* SearchPass.cpp */,
				D997011C221D88DC0094EB9C /* StdAfx.cpp */,
				D997011D221D88DC0094EB9C /* Sub.cpp */,
				D997011E221D88DC0094EB9C /* TrackSet.cpp */,
				D997011F221D88DC0094EB9C /* VRC7.cpp */,
				D9BF36D3221D55A100E64650 /* Products */,
			);
			sourceTree = "<group>";
		};
		D9BF36D3221D55A100E64650 /* Products */ = {
			isa = PBXGroup;
			children = (
				D9BF36D2221D55A100E64650 /* nsc */,
			);
			name = Products;
			sourceTree = "<group>";
		};
/* End PBXGroup section */

/* Begin PBXNativeTarget section */
		D9BF36D1221D55A100E64650 /* nsc */ = {
			isa = PBXNativeTarget;
			buildConfigurationList = D9BF36D9221D55A100E64650 /* Build configuration list for PBXNativeTarget "nsc" */;
			buildPhases = (
				D9BF36CE221D55A100E64650 /* Sources */,
				D9BF36CF221D55A100E64650 /* Frameworks */,
				D9BF36D0221D55A100E64650 /* CopyFiles */,
			);
			buildRules = (
			);
			dependencies = (
			);
			name = nsc;
			productName = nsc;
			productReference = D9BF36D2221D55A100E64650 /* nsc */;
			productType = "com.apple.product-type.tool";
		};
/* End PBXNativeTarget section */

/* Begin PBXProject section */
		D9BF36CA221D55A100E64650 /* Project object */ = {
			isa = PBXProject;
			attributes = {
				LastUpgradeCheck = 0830;
				ORGANIZATIONNAME = a;
				TargetAttributes = {
					D9BF36D1221D55A100E64650 = {
						CreatedOnToolsVersion = 8.3.3;
						ProvisioningStyle = Automatic;
					};
				};
			};
			buildConfigurationList = D9BF36CD221D55A100E64650 /* Build configuration list for PBXProject "nsc" */;
			compatibilityVersion = "Xcode 3.2";
			developmentRegion = English;
			hasScannedForEncodings = 0;
			knownRegions = (
				en,
			);
			mainGroup = D9BF36C9221D55A100E64650;
			productRefGroup = D9BF36D3221D55A100E64650 /* Products */;
			projectDirPath = "";
			projectRoot = "";
			targets = (
				D9BF36D1221D55A100E64650 /* nsc */,
			);
		};
/* End PBXProject section */

/* Begin PBXSourcesBuildPhase section */
		D9BF36CE221D55A100E64650 /* Sources */ = {
			isa = PBXSourcesBuildPhase;
			buildActionMask = 2147483647;
			files = (
				D997012C221D88DC0094EB9C /* mml_repeat.cpp in Sources */,
				D9970127221D88DC0094EB9C /* FileOutput.cpp in Sources */,
				D997012E221D88DC0094EB9C /* MusicEvent.cpp in Sources */,
				D997012B221D88DC0094EB9C /* mml_poke.cpp in Sources */,
				D9970120221D88DC0094EB9C /* BGM.cpp in Sources */,
				D997013C221D88DC0094EB9C /* VRC7.cpp in Sources */,
				D9970123221D88DC0094EB9C /* Envelop.cpp in Sources */,
				D9970134221D88DC0094EB9C /* nsc.cpp in Sources */,
				D9970138221D88DC0094EB9C /* SearchPass.cpp in Sources */,
				D9970130221D88DC0094EB9C /* MusicHeader.cpp in Sources */,
				D997013A221D88DC0094EB9C /* Sub.cpp in Sources */,
				D997013B221D88DC0094EB9C /* TrackSet.cpp in Sources */,
				D9970122221D88DC0094EB9C /* DPCMinfo.cpp in Sources */,
				D9970131221D88DC0094EB9C /* MusicItem.cpp in Sources */,
				D9970139221D88DC0094EB9C /* StdAfx.cpp in Sources */,
				D9970136221D88DC0094EB9C /* Patch.cpp in Sources */,
				D9970135221D88DC0094EB9C /* Option.cpp in Sources */,
				D9970133221D88DC0094EB9C /* N163.cpp in Sources */,
				D9970125221D88DC0094EB9C /* FDSM.cpp in Sources */,
				D9970126221D88DC0094EB9C /* FileInput.cpp in Sources */,
				D9970137221D88DC0094EB9C /* SE.cpp in Sources */,
				D997012D221D88DC0094EB9C /* MMLfile.cpp in Sources */,
				D9970132221D88DC0094EB9C /* MusicTrack.cpp in Sources */,
				D9970121221D88DC0094EB9C /* DPCM.cpp in Sources */,
				D9970129221D88DC0094EB9C /* mml_general.cpp in Sources */,
				D9970128221D88DC0094EB9C /* mml_Address.cpp in Sources */,
				D9970124221D88DC0094EB9C /* FDSC.cpp in Sources */,
				D997012A221D88DC0094EB9C /* mml_note.cpp in Sources */,
				D997012F221D88DC0094EB9C /* MusicFile.cpp in Sources */,
			);
			runOnlyForDeploymentPostprocessing = 0;
		};
/* End PBXSourcesBuildPhase section */

/* Begin XCBuildConfiguration section */
		D9BF36D7221D55A100E64650 /* Debug */ = {
			isa = XCBuildConfiguration;
			buildSettings = {
				ALWAYS_SEARCH_USER_PATHS = NO;
				CLANG_ANALYZER_NONNULL = YES;
				CLANG_ANALYZER_NUMBER_OBJECT_CONVERSION = YES_AGGRESSIVE;
				CLANG_CXX_LANGUAGE_STANDARD = "gnu++0x";
				CLANG_CXX_LIBRARY = "libc++";
				CLANG_ENABLE_MODULES = YES;
				CLANG_ENABLE_OBJC_ARC = YES;
				CLANG_WARN_BOOL_CONVERSION = YES;
				CLANG_WARN_CONSTANT_CONVERSION = YES;
				CLANG_WARN_DIRECT_OBJC_ISA_USAGE = YES_ERROR;
				CLANG_WARN_DOCUMENTATION_COMMENTS = YES;
				CLANG_WARN_EMPTY_BODY = YES;
				CLANG_WARN_ENUM_CONVERSION = YES;
				CLANG_WARN_INFINITE_RECURSION = YES;
				CLANG_WARN_INT_CONVERSION = YES;
				CLANG_WARN_OBJC_ROOT_CLASS = YES_ERROR;
				CLANG_WARN_SUSPICIOUS_MOVE = YES;
				CLANG_WARN_UNREACHABLE_CODE = YES;
				CLANG_WARN__DUPLICATE_METHOD_MATCH = YES;
				CODE_SIGN_IDENTITY = "-";
				COPY_PHASE_STRIP = NO;
				DEBUG_INFORMATION_FORMAT = dwarf;
				ENABLE_STRICT_OBJC_MSGSEND = YES;
				ENABLE_TESTABILITY = YES;
				GCC_C_LANGUAGE_STANDARD = gnu99;
				GCC_DYNAMIC_NO_PIC = NO;
				GCC_NO_COMMON_BLOCKS = YES;
				GCC_OPTIMIZATION_LEVEL = 0;
				GCC_PREPROCESSOR_DEFINITIONS = (
					"DEBUG=1",
					"$(inherited)",
				);
				GCC_WARN_64_TO_32_BIT_CONVERSION = YES;
				GCC_WARN_ABOUT_RETURN_TYPE = YES_ERROR;
				GCC_WARN_UNDECLARED_SELECTOR = YES;
				GCC_WARN_UNINITIALIZED_AUTOS = YES_AGGRESSIVE;
				GCC_WARN_UNUSED_FUNCTION = YES;
				GCC_WARN_UNUSED_VARIABLE = YES;
				MACOSX_DEPLOYMENT_TARGET = 10.12;
				MTL_ENABLE_DEBUG_INFO = YES;
				ONLY_ACTIVE_ARCH = YES;
				SDKROOT = macosx;
			};
			name = Debug;
		};
		D9BF36D8221D55A100E64650 /* Release */ = {
			isa = XCBuildConfiguration;
			buildSettings = {
				ALWAYS_SEARCH_USER_PATHS = NO;
				CLANG_ANALYZER_NONNULL = YES;
				CLANG_ANALYZER_NUMBER_OBJECT_CONVERSION = YES_AGGRESSIVE;
				CLANG_CXX_LANGUAGE_STANDARD = "gnu++0x";
				CLANG_CXX_LIBRARY = "libc++";
				CLANG_ENABLE_MODULES = YES;
				CLANG_ENABLE_OBJC_ARC = YES;
				CLANG_WARN_BOOL_CONVERSION = YES;
				CLANG_WARN_CONSTANT_CONVERSION = YES;
				CLANG_WARN_DIRECT_OBJC_ISA_USAGE = YES_ERROR;
				CLANG_WARN_DOCUMENTATION_COMMENTS = YES;
				CLANG_WARN_EMPTY_BODY = YES;
				CLANG_WARN_ENUM_CONVERSION = YES;
				CLANG_WARN_INFINITE_RECURSION = YES;
				CLANG_WARN_INT_CONVERSION = YES;
				CLANG_WARN_OBJC_ROOT_CLASS = YES_ERROR;
				CLANG_WARN_SUSPICIOUS_MOVE = YES;
				CLANG_WARN_UNREACHABLE_CODE = YES;
				CLANG_WARN__DUPLICATE_METHOD_MATCH = YES;
				CODE_SIGN_IDENTITY = "-";
				COPY_PHASE_STRIP = NO;
				DEBUG_INFORMATION_FORMAT = "dwarf-with-dsym";
				ENABLE_NS_ASSERTIONS = NO;
				ENABLE_STRICT_OBJC_MSGSEND = YES;
				GCC_C_LANGUAGE_STANDARD = gnu99;
				GCC_NO_COMMON_BLOCKS = YES;
				GCC_WARN_64_TO_32_BIT_CONVERSION = YES;
				GCC_WARN_ABOUT_RETURN_TYPE = YES_ERROR;
				GCC_WARN_UNDECLARED_SELECTOR = YES;
				GCC_WARN_UNINITIALIZED_AUTOS = YES_AGGRESSIVE;
				GCC_WARN_UNUSED_FUNCTION = YES;
				GCC_WARN_UNUSED_VARIABLE = YES;
				MACOSX_DEPLOYMENT_TARGET = 10.12;
				MTL_ENABLE_DEBUG_INFO = NO;
				SDKROOT = macosx;
			};
			name = Release;
		};
		D9BF36DA221D55A100E64650 /* Debug */ = {
			isa = XCBuildConfiguration;
			buildSettings = {
				CLANG_CXX_LANGUAGE_STANDARD = "gnu++0x";
				CLANG_CXX_LIBRARY = "libstdc++";
				MACOSX_DEPLOYMENT_TARGET = 10.6;
				PRODUCT_NAME = "$(TARGET_NAME)";
				SDKROOT = macosx10.6;
				USER_HEADER_SEARCH_PATHS = ../..;
			};
			name = Debug;
		};
		D9BF36DB221D55A100E64650 /* Release */ = {
			isa = XCBuildConfiguration;
			buildSettings = {
				CLANG_CXX_LANGUAGE_STANDARD = "gnu++0x";
				CLANG_CXX_LIBRARY = "libstdc++";
				MACOSX_DEPLOYMENT_TARGET = 10.6;
				PRODUCT_NAME = "$(TARGET_NAME)";
				SDKROOT = macosx10.6;
				USER_HEADER_SEARCH_PATHS = ../..;
			};
			name = Release;
		};
/* End XCBuildConfiguration section */

/* Begin XCConfigurationList section */
		D9BF36CD221D55A100E64650 /* Build configuration list for PBXProject "nsc" */ = {
			isa = XCConfigurationList;
			buildConfigurations = (
				D9BF36D7221D55A100E64650 /* Debug */,
				D9BF36D8221D55A100E64650 /* Release */,
			);
			defaultConfigurationIsVisible = 0;
			defaultConfigurationName = Release;
		};
		D9BF36D9221D55A100E64650 /* Build configuration list for PBXNativeTarget "nsc" */ = {
			isa = XCConfigurationList;
			buildConfigurations = (
				D9BF36DA221D55A100E64650 /* Debug */,
				D9BF36DB221D55A100E64650 /* Release */,
			);
			defaultConfigurationIsVisible = 0;
			defaultConfigurationName = Release;
		};
/* End XCConfigurationList section */
	};
	rootObject = D9BF36CA221D55A100E64650 /* Project object */;
}
